
Microsoft Visual Studio Solution File, Format Version 12.00
# Visual Studio Version 17
VisualStudioVersion = 17.0.32014.148
MinimumVisualStudioVersion = 10.0.40219.1
Project("{9A19103F-16F7-4668-BE54-9A1E7A4F7556}") = "EEWServer", "EEWServer\EEWServer.csproj", "{46DA3DA6-0A7B-4596-8D70-47E4172EC16B}"
EndProject
Project("{C7167F0D-BC9F-4E6E-AFE1-012C56B48DB5}") = "Shoot Pop MSIX Edition", "Shoot Pop MSIX Edition\Shoot Pop MSIX Edition.wapproj", "{CF7A1572-FA77-49D6-B3FF-96EF35296415}"
EndProject
Global
	GlobalSection(SolutionConfigurationPlatforms) = preSolution
		Debug|Any CPU = Debug|Any CPU
		Debug|ARM = Debug|ARM
		Debug|ARM64 = Debug|ARM64
		Debug|x64 = Debug|x64
		Debug|x86 = Debug|x86
		Release|Any CPU = Release|Any CPU
		Release|ARM = Release|ARM
		Release|ARM64 = Release|ARM64
		Release|x64 = Release|x64
		Release|x86 = Release|x86
	EndGlobalSection
	GlobalSection(ProjectConfigurationPlatforms) = postSolution
		{46DA3DA6-0A7B-4596-8D70-47E4172EC16B}.Debug|Any CPU.ActiveCfg = Debug|Any CPU
		{46DA3DA6-0A7B-4596-8D70-47E4172EC16B}.Debug|Any CPU.Build.0 = Debug|Any CPU
		{46DA3DA6-0A7B-4596-8D70-47E4172EC16B}.Debug|ARM.ActiveCfg = Debug|Any CPU
		{46DA3DA6-0A7B-4596-8D70-47E4172EC16B}.Debug|ARM.Build.0 = Debug|Any CPU
		{46DA3DA6-0A7B-4596-8D70-47E4172EC16B}.Debug|ARM64.ActiveCfg = Debug|Any CPU
		{46DA3DA6-0A7B-4596-8D70-47E4172EC16B}.Debug|ARM64.Build.0 = Debug|Any CPU
		{46DA3DA6-0A7B-4596-8D70-47E4172EC16B}.Debug|x64.ActiveCfg = Debug|Any CPU
		{46DA3DA6-0A7B-4596-8D70-47E4172EC16B}.Debug|x64.Build.0 = Debug|Any CPU
		{46DA3DA6-0A7B-4596-8D70-47E4172EC16B}.Debug|x86.ActiveCfg = Debug|Any CPU
		{46DA3DA6-0A7B-4596-8D70-47E4172EC16B}.Debug|x86.Build.0 = Debug|Any CPU
		{46DA3DA6-0A7B-4596-8D70-47E4172EC16B}.Release|Any CPU.ActiveCfg = Release|Any CPU
		{46DA3DA6-0A7B-4596-8D70-47E4172EC16B}.Release|Any CPU.Build.0 = Release|Any CPU
		{46DA3DA6-0A7B-4596-8D70-47E4172EC16B}.Release|ARM.ActiveCfg = Release|Any CPU
		{46DA3DA6-0A7B-4596-8D70-47E4172EC16B}.Release|ARM.Build.0 = Release|Any CPU
		{46DA3DA6-0A7B-4596-8D70-47E4172EC16B}.Release|ARM64.ActiveCfg = Release|Any CPU
		{46DA3DA6-0A7B-4596-8D70-47E4172EC16B}.Release|ARM64.Build.0 = Release|Any CPU
		{46DA3DA6-0A7B-4596-8D70-47E4172EC16B}.Release|x64.ActiveCfg = Release|Any CPU
		{46DA3DA6-0A7B-4596-8D70-47E4172EC16B}.Release|x64.Build.0 = Release|Any CPU
		{46DA3DA6-0A7B-4596-8D70-47E4172EC16B}.Release|x86.ActiveCfg = Release|Any CPU
		{46DA3DA6-0A7B-4596-8D70-47E4172EC16B}.Release|x86.Build.0 = Release|Any CPU
		{CF7A1572-FA77-49D6-B3FF-96EF35296415}.Debug|Any CPU.ActiveCfg = Debug|Any CPU
		{CF7A1572-FA77-49D6-B3FF-96EF35296415}.Debug|Any CPU.Build.0 = Debug|Any CPU
		{CF7A1572-FA77-49D6-B3FF-96EF35296415}.Debug|Any CPU.Deploy.0 = Debug|Any CPU
		{CF7A1572-FA77-49D6-B3FF-96EF35296415}.Debug|ARM.ActiveCfg = Debug|ARM
		{CF7A1572-FA77-49D6-B3FF-96EF35296415}.Debug|ARM.Build.0 = Debug|ARM
		{CF7A1572-FA77-49D6-B3FF-96EF35296415}.Debug|ARM.Deploy.0 = Debug|ARM
		{CF7A1572-FA77-49D6-B3FF-96EF35296415}.Debug|ARM64.ActiveCfg = Debug|ARM64
		{CF7A1572-FA77-49D6-B3FF-96EF35296415}.Debug|ARM64.Build.0 = Debug|ARM64
		{CF7A1572-FA77-49D6-B3FF-96EF35296415}.Debug|ARM64.Deploy.0 = Debug|ARM64
		{CF7A1572-FA77-49D6-B3FF-96EF35296415}.Debug|x64.ActiveCfg = Debug|x64
		{CF7A1572-FA77-49D6-B3FF-96EF35296415}.Debug|x64.Build.0 = Debug|x64
		{CF7A1572-FA77-49D6-B3FF-96EF35296415}.Debug|x64.Deploy.0 = Debug|x64
		{CF7A1572-FA77-49D6-B3FF-96EF35296415}.Debug|x86.ActiveCfg = Debug|x86
		{CF7A1572-FA77-49D6-B3FF-96EF35296415}.Debug|x86.Build.0 = Debug|x86
		{CF7A1572-FA77-49D6-B3FF-96EF35296415}.Debug|x86.Deploy.0 = Debug|x86
		{CF7A1572-FA77-49D6-B3FF-96EF35296415}.Release|Any CPU.ActiveCfg = Release|Any CPU
		{CF7A1572-FA77-49D6-B3FF-96EF35296415}.Release|Any CPU.Build.0 = Release|Any CPU
		{CF7A1572-FA77-49D6-B3FF-96EF35296415}.Release|Any CPU.Deploy.0 = Release|Any CPU
		{CF7A1572-FA77-49D6-B3FF-96EF35296415}.Release|ARM.ActiveCfg = Release|ARM
		{CF7A1572-FA77-49D6-B3FF-96EF35296415}.Release|ARM.Build.0 = Release|ARM
		{CF7A1572-FA77-49D6-B3FF-96EF35296415}.Release|ARM.Deploy.0 = Release|ARM
		{CF7A1572-FA77-49D6-B3FF-96EF35296415}.Release|ARM64.ActiveCfg = Release|ARM64
		{CF7A1572-FA77-49D6-B3FF-96EF35296415}.Release|ARM64.Build.0 = Release|ARM64
		{CF7A1572-FA77-49D6-B3FF-96EF35296415}.Release|ARM64.Deploy.0 = Release|ARM64
		{CF7A1572-FA77-49D6-B3FF-96EF35296415}.Release|x64.ActiveCfg = Release|x64
		{CF7A1572-FA77-49D6-B3FF-96EF35296415}.Release|x64.Build.0 = Release|x64
		{CF7A1572-FA77-49D6-B3FF-96EF35296415}.Release|x64.Deploy.0 = Release|x64
		{CF7A1572-FA77-49D6-B3FF-96EF35296415}.Release|x86.ActiveCfg = Release|x86
		{CF7A1572-FA77-49D6-B3FF-96EF35296415}.Release|x86.Build.0 = Release|x86
		{CF7A1572-FA77-49D6-B3FF-96EF35296415}.Release|x86.Deploy.0 = Release|x86
	EndGlobalSection
	GlobalSection(SolutionProperties) = preSolution
		HideSolutionNode = FALSE
	EndGlobalSection
	GlobalSection(ExtensibilityGlobals) = postSolution
		SolutionGuid = {1BD15B76-5FA3-4FC5-9D27-5414F9AF75D6}
	EndGlobalSection
EndGlobal
